# @generated by Move, please check-in and do not edit manually.

[move]
version = 3
manifest_digest = "FF6F8E38275389018C029B7B41ACEC876B69B3B4B1637F7BEAF9A66F1E54ACAD"
deps_digest = "F8BBB0CCB2491CA29A3DF03D6F92277A4F3574266507ACD77214D37ECA3F3082"
dependencies = [
  { id = "Sui", name = "Sui" },
]

[[move.package]]
id = "MoveStdlib"
source = { git = "https://github.com/MystenLabs/sui.git", rev = "testnet-v1.61.1", subdir = "crates/sui-framework/packages/move-stdlib" }

[[move.package]]
id = "Sui"
source = { git = "https://github.com/MystenLabs/sui.git", rev = "testnet-v1.61.1", subdir = "crates/sui-framework/packages/sui-framework" }

dependencies = [
  { id = "MoveStdlib", name = "MoveStdlib" },
]

[move.toolchain-version]
compiler-version = "1.57.2"
edition = "2024.beta"
flavor = "sui"

[env]

[env.testnet]
chain-id = "4c78adac"
original-published-id = "0xc7e063f56f8120791010b0d23c83b26dfb7d857b34fa0364cb925d98df5d5ab2"
latest-published-id = "0xc7e063f56f8120791010b0d23c83b26dfb7d857b34fa0364cb925d98df5d5ab2"
published-version = "1"
